github.com/ZOrfeas/go_chat/client v0.0.0-20211010185249-ab47de1cd30a h1:i9JmlXkZeoWCUBK5PE880s/W9vi0PoBSZrHU5aXISrE=
github.com/ZOrfeas/go_chat/client v0.0.0-20211010185249-ab47de1cd30a/go.mod h1:zBnWuBKmV/WmD2s4+Hs27YPFHyiAFGfn1Jj0IU71x1s=
github.com/ZOrfeas/go_chat/common v0.0.0-20211010182752-39f6e0fa33df h1:wL6p8C/Lc/QbyA06H5zMUWCIY8A8Lvn/mYJwFhV3Wn0=
github.com/ZOrfeas/go_chat/common v0.0.0-20211010182752-39f6e0fa33df/go.mod h1:mXm5FIxFzjWURadc1bBfqr/2e1zgvOCTUmv+Kstpv9U=
